
Microsoft Visual Studio Solution File, Format Version 12.00
# Visual Studio 2012
Project("{FAE04EC0-301F-11D3-BF4B-00C04F79EFBC}") = "SRModbusTCP", "SRModbusTCP\SRModbusTCP.csproj", "{B8C0FBE5-0647-48F5-8646-F40AD24CAF56}"
EndProject
Global
	GlobalSection(SolutionConfigurationPlatforms) = preSolution
		Debug|x86 = Debug|x86
		Release|x86 = Release|x86
	EndGlobalSection
	GlobalSection(ProjectConfigurationPlatforms) = postSolution
		{B8C0FBE5-0647-48F5-8646-F40AD24CAF56}.Debug|x86.ActiveCfg = Debug|x86
		{B8C0FBE5-0647-48F5-8646-F40AD24CAF56}.Debug|x86.Build.0 = Debug|x86
		{B8C0FBE5-0647-48F5-8646-F40AD24CAF56}.Release|x86.ActiveCfg = Release|x86
		{B8C0FBE5-0647-48F5-8646-F40AD24CAF56}.Release|x86.Build.0 = Release|x86
	EndGlobalSection
	GlobalSection(SolutionProperties) = preSolution
		HideSolutionNode = FALSE
	EndGlobalSection
	GlobalSection(ExtensibilityGlobals) = postSolution
		VisualSVNWorkingCopyRoot = .
	EndGlobalSection
EndGlobal
