
Microsoft Visual Studio Solution File, Format Version 12.00
# Visual Studio 14
VisualStudioVersion = 14.0.25420.1
MinimumVisualStudioVersion = 10.0.40219.1
Project("{FAE04EC0-301F-11D3-BF4B-00C04F79EFBC}") = "EasyModbus", "EasyModbus\EasyModbus.csproj", "{7657FC4A-AEDF-4F17-B3E9-0D0DFB1CE23B}"
EndProject
Project("{FAE04EC0-301F-11D3-BF4B-00C04F79EFBC}") = "EasyModbusServerSimulator", "EasyModbusServerSimulator\EasyModbusServerSimulator.csproj", "{871BD4C1-69F0-45B9-8807-1620E6A896A9}"
EndProject
Project("{FAE04EC0-301F-11D3-BF4B-00C04F79EFBC}") = "EasyModbusClientExample", "EasyModbusClientExample\EasyModbusClientExample.csproj", "{9412077F-7DFF-45D0-AFF9-7D5303118EA7}"
EndProject
Project("{FAE04EC0-301F-11D3-BF4B-00C04F79EFBC}") = "EasyModbusAdvancedClient", "EasyModbusAdvancedClient\EasyModbusAdvancedClient.csproj", "{3398AAF9-F5A5-4F3B-9A02-14A6B2359DC4}"
EndProject
Project("{FAE04EC0-301F-11D3-BF4B-00C04F79EFBC}") = "ConsoleApplication1", "ConsoleApplication1\ConsoleApplication1.csproj", "{AA208FA1-1496-4BBC-97D1-9F628EB4197A}"
EndProject
Project("{FAE04EC0-301F-11D3-BF4B-00C04F79EFBC}") = "ServerApplication", "ServerApplication\ServerApplication.csproj", "{F737B6B0-3B35-4CC9-9134-EFF5F37B8C1F}"
EndProject
Project("{FAE04EC0-301F-11D3-BF4B-00C04F79EFBC}") = "MQTT", "MQTT\MQTT\MQTT.csproj", "{613A173A-77E1-46A1-9668-93A67BD558D5}"
EndProject
Project("{FAE04EC0-301F-11D3-BF4B-00C04F79EFBC}") = "M2Mqtt.Net", "paho.mqtt.m2mqtt-master\M2Mqtt\M2Mqtt.Net.csproj", "{A11AEF5A-B246-4FE8-8330-06DB73CC8074}"
EndProject
Project("{FAE04EC0-301F-11D3-BF4B-00C04F79EFBC}") = "ConsoleApplicationMqqt", "ConsoleApplicationMqqt\ConsoleApplicationMqqt.csproj", "{F4A2D947-EAF7-4F1C-BDEA-8217BD96DB9D}"
EndProject
Global
	GlobalSection(SolutionConfigurationPlatforms) = preSolution
		Debug|Any CPU = Debug|Any CPU
		DebugCommercial|Any CPU = DebugCommercial|Any CPU
		DebugCommercial1|Any CPU = DebugCommercial1|Any CPU
		DebugCommercial2|Any CPU = DebugCommercial2|Any CPU
		DebugCommercial3|Any CPU = DebugCommercial3|Any CPU
		Release|Any CPU = Release|Any CPU
	EndGlobalSection
	GlobalSection(ProjectConfigurationPlatforms) = postSolution
		{7657FC4A-AEDF-4F17-B3E9-0D0DFB1CE23B}.Debug|Any CPU.ActiveCfg = Debug|Any CPU
		{7657FC4A-AEDF-4F17-B3E9-0D0DFB1CE23B}.Debug|Any CPU.Build.0 = Debug|Any CPU
		{7657FC4A-AEDF-4F17-B3E9-0D0DFB1CE23B}.DebugCommercial|Any CPU.ActiveCfg = DebugCommercial|Any CPU
		{7657FC4A-AEDF-4F17-B3E9-0D0DFB1CE23B}.DebugCommercial|Any CPU.Build.0 = DebugCommercial|Any CPU
		{7657FC4A-AEDF-4F17-B3E9-0D0DFB1CE23B}.DebugCommercial1|Any CPU.ActiveCfg = DebugCommercial|Any CPU
		{7657FC4A-AEDF-4F17-B3E9-0D0DFB1CE23B}.DebugCommercial1|Any CPU.Build.0 = DebugCommercial|Any CPU
		{7657FC4A-AEDF-4F17-B3E9-0D0DFB1CE23B}.DebugCommercial2|Any CPU.ActiveCfg = DebugCommercial|Any CPU
		{7657FC4A-AEDF-4F17-B3E9-0D0DFB1CE23B}.DebugCommercial2|Any CPU.Build.0 = DebugCommercial|Any CPU
		{7657FC4A-AEDF-4F17-B3E9-0D0DFB1CE23B}.DebugCommercial3|Any CPU.ActiveCfg = DebugCommercial|Any CPU
		{7657FC4A-AEDF-4F17-B3E9-0D0DFB1CE23B}.DebugCommercial3|Any CPU.Build.0 = DebugCommercial|Any CPU
		{7657FC4A-AEDF-4F17-B3E9-0D0DFB1CE23B}.Release|Any CPU.ActiveCfg = Release|Any CPU
		{7657FC4A-AEDF-4F17-B3E9-0D0DFB1CE23B}.Release|Any CPU.Build.0 = Release|Any CPU
		{871BD4C1-69F0-45B9-8807-1620E6A896A9}.Debug|Any CPU.ActiveCfg = Debug|Any CPU
		{871BD4C1-69F0-45B9-8807-1620E6A896A9}.Debug|Any CPU.Build.0 = Debug|Any CPU
		{871BD4C1-69F0-45B9-8807-1620E6A896A9}.DebugCommercial|Any CPU.ActiveCfg = DebugCommercial3|Any CPU
		{871BD4C1-69F0-45B9-8807-1620E6A896A9}.DebugCommercial|Any CPU.Build.0 = DebugCommercial3|Any CPU
		{871BD4C1-69F0-45B9-8807-1620E6A896A9}.DebugCommercial1|Any CPU.ActiveCfg = Debug|Any CPU
		{871BD4C1-69F0-45B9-8807-1620E6A896A9}.DebugCommercial1|Any CPU.Build.0 = Debug|Any CPU
		{871BD4C1-69F0-45B9-8807-1620E6A896A9}.DebugCommercial2|Any CPU.ActiveCfg = Debug|Any CPU
		{871BD4C1-69F0-45B9-8807-1620E6A896A9}.DebugCommercial2|Any CPU.Build.0 = Debug|Any CPU
		{871BD4C1-69F0-45B9-8807-1620E6A896A9}.DebugCommercial3|Any CPU.ActiveCfg = DebugCommercial3|Any CPU
		{871BD4C1-69F0-45B9-8807-1620E6A896A9}.DebugCommercial3|Any CPU.Build.0 = DebugCommercial3|Any CPU
		{871BD4C1-69F0-45B9-8807-1620E6A896A9}.Release|Any CPU.ActiveCfg = Release|Any CPU
		{871BD4C1-69F0-45B9-8807-1620E6A896A9}.Release|Any CPU.Build.0 = Release|Any CPU
		{9412077F-7DFF-45D0-AFF9-7D5303118EA7}.Debug|Any CPU.ActiveCfg = Debug|Any CPU
		{9412077F-7DFF-45D0-AFF9-7D5303118EA7}.Debug|Any CPU.Build.0 = Debug|Any CPU
		{9412077F-7DFF-45D0-AFF9-7D5303118EA7}.DebugCommercial|Any CPU.ActiveCfg = DebugCommercial2|Any CPU
		{9412077F-7DFF-45D0-AFF9-7D5303118EA7}.DebugCommercial|Any CPU.Build.0 = DebugCommercial2|Any CPU
		{9412077F-7DFF-45D0-AFF9-7D5303118EA7}.DebugCommercial1|Any CPU.ActiveCfg = Debug|Any CPU
		{9412077F-7DFF-45D0-AFF9-7D5303118EA7}.DebugCommercial1|Any CPU.Build.0 = Debug|Any CPU
		{9412077F-7DFF-45D0-AFF9-7D5303118EA7}.DebugCommercial2|Any CPU.ActiveCfg = DebugCommercial2|Any CPU
		{9412077F-7DFF-45D0-AFF9-7D5303118EA7}.DebugCommercial2|Any CPU.Build.0 = DebugCommercial2|Any CPU
		{9412077F-7DFF-45D0-AFF9-7D5303118EA7}.DebugCommercial3|Any CPU.ActiveCfg = DebugCommercial2|Any CPU
		{9412077F-7DFF-45D0-AFF9-7D5303118EA7}.DebugCommercial3|Any CPU.Build.0 = DebugCommercial2|Any CPU
		{9412077F-7DFF-45D0-AFF9-7D5303118EA7}.Release|Any CPU.ActiveCfg = Release|Any CPU
		{9412077F-7DFF-45D0-AFF9-7D5303118EA7}.Release|Any CPU.Build.0 = Release|Any CPU
		{3398AAF9-F5A5-4F3B-9A02-14A6B2359DC4}.Debug|Any CPU.ActiveCfg = Debug|Any CPU
		{3398AAF9-F5A5-4F3B-9A02-14A6B2359DC4}.Debug|Any CPU.Build.0 = Debug|Any CPU
		{3398AAF9-F5A5-4F3B-9A02-14A6B2359DC4}.DebugCommercial|Any CPU.ActiveCfg = DebugCommercial1|Any CPU
		{3398AAF9-F5A5-4F3B-9A02-14A6B2359DC4}.DebugCommercial|Any CPU.Build.0 = DebugCommercial1|Any CPU
		{3398AAF9-F5A5-4F3B-9A02-14A6B2359DC4}.DebugCommercial1|Any CPU.ActiveCfg = DebugCommercial1|Any CPU
		{3398AAF9-F5A5-4F3B-9A02-14A6B2359DC4}.DebugCommercial1|Any CPU.Build.0 = DebugCommercial1|Any CPU
		{3398AAF9-F5A5-4F3B-9A02-14A6B2359DC4}.DebugCommercial2|Any CPU.ActiveCfg = DebugCommercial1|Any CPU
		{3398AAF9-F5A5-4F3B-9A02-14A6B2359DC4}.DebugCommercial2|Any CPU.Build.0 = DebugCommercial1|Any CPU
		{3398AAF9-F5A5-4F3B-9A02-14A6B2359DC4}.DebugCommercial3|Any CPU.ActiveCfg = DebugCommercial1|Any CPU
		{3398AAF9-F5A5-4F3B-9A02-14A6B2359DC4}.DebugCommercial3|Any CPU.Build.0 = DebugCommercial1|Any CPU
		{3398AAF9-F5A5-4F3B-9A02-14A6B2359DC4}.Release|Any CPU.ActiveCfg = Release|Any CPU
		{3398AAF9-F5A5-4F3B-9A02-14A6B2359DC4}.Release|Any CPU.Build.0 = Release|Any CPU
		{AA208FA1-1496-4BBC-97D1-9F628EB4197A}.Debug|Any CPU.ActiveCfg = Debug|Any CPU
		{AA208FA1-1496-4BBC-97D1-9F628EB4197A}.Debug|Any CPU.Build.0 = Debug|Any CPU
		{AA208FA1-1496-4BBC-97D1-9F628EB4197A}.DebugCommercial|Any CPU.ActiveCfg = Debug|Any CPU
		{AA208FA1-1496-4BBC-97D1-9F628EB4197A}.DebugCommercial|Any CPU.Build.0 = Debug|Any CPU
		{AA208FA1-1496-4BBC-97D1-9F628EB4197A}.DebugCommercial1|Any CPU.ActiveCfg = Debug|Any CPU
		{AA208FA1-1496-4BBC-97D1-9F628EB4197A}.DebugCommercial1|Any CPU.Build.0 = Debug|Any CPU
		{AA208FA1-1496-4BBC-97D1-9F628EB4197A}.DebugCommercial2|Any CPU.ActiveCfg = Debug|Any CPU
		{AA208FA1-1496-4BBC-97D1-9F628EB4197A}.DebugCommercial2|Any CPU.Build.0 = Debug|Any CPU
		{AA208FA1-1496-4BBC-97D1-9F628EB4197A}.DebugCommercial3|Any CPU.ActiveCfg = Debug|Any CPU
		{AA208FA1-1496-4BBC-97D1-9F628EB4197A}.DebugCommercial3|Any CPU.Build.0 = Debug|Any CPU
		{AA208FA1-1496-4BBC-97D1-9F628EB4197A}.Release|Any CPU.ActiveCfg = Release|Any CPU
		{AA208FA1-1496-4BBC-97D1-9F628EB4197A}.Release|Any CPU.Build.0 = Release|Any CPU
		{F737B6B0-3B35-4CC9-9134-EFF5F37B8C1F}.Debug|Any CPU.ActiveCfg = Debug|Any CPU
		{F737B6B0-3B35-4CC9-9134-EFF5F37B8C1F}.Debug|Any CPU.Build.0 = Debug|Any CPU
		{F737B6B0-3B35-4CC9-9134-EFF5F37B8C1F}.DebugCommercial|Any CPU.ActiveCfg = Debug|Any CPU
		{F737B6B0-3B35-4CC9-9134-EFF5F37B8C1F}.DebugCommercial|Any CPU.Build.0 = Debug|Any CPU
		{F737B6B0-3B35-4CC9-9134-EFF5F37B8C1F}.DebugCommercial1|Any CPU.ActiveCfg = Debug|Any CPU
		{F737B6B0-3B35-4CC9-9134-EFF5F37B8C1F}.DebugCommercial1|Any CPU.Build.0 = Debug|Any CPU
		{F737B6B0-3B35-4CC9-9134-EFF5F37B8C1F}.DebugCommercial2|Any CPU.ActiveCfg = Debug|Any CPU
		{F737B6B0-3B35-4CC9-9134-EFF5F37B8C1F}.DebugCommercial2|Any CPU.Build.0 = Debug|Any CPU
		{F737B6B0-3B35-4CC9-9134-EFF5F37B8C1F}.DebugCommercial3|Any CPU.ActiveCfg = Debug|Any CPU
		{F737B6B0-3B35-4CC9-9134-EFF5F37B8C1F}.DebugCommercial3|Any CPU.Build.0 = Debug|Any CPU
		{F737B6B0-3B35-4CC9-9134-EFF5F37B8C1F}.Release|Any CPU.ActiveCfg = Release|Any CPU
		{F737B6B0-3B35-4CC9-9134-EFF5F37B8C1F}.Release|Any CPU.Build.0 = Release|Any CPU
		{613A173A-77E1-46A1-9668-93A67BD558D5}.Debug|Any CPU.ActiveCfg = Debug|Any CPU
		{613A173A-77E1-46A1-9668-93A67BD558D5}.Debug|Any CPU.Build.0 = Debug|Any CPU
		{613A173A-77E1-46A1-9668-93A67BD558D5}.DebugCommercial|Any CPU.ActiveCfg = Debug|Any CPU
		{613A173A-77E1-46A1-9668-93A67BD558D5}.DebugCommercial|Any CPU.Build.0 = Debug|Any CPU
		{613A173A-77E1-46A1-9668-93A67BD558D5}.DebugCommercial1|Any CPU.ActiveCfg = Debug|Any CPU
		{613A173A-77E1-46A1-9668-93A67BD558D5}.DebugCommercial1|Any CPU.Build.0 = Debug|Any CPU
		{613A173A-77E1-46A1-9668-93A67BD558D5}.DebugCommercial2|Any CPU.ActiveCfg = Debug|Any CPU
		{613A173A-77E1-46A1-9668-93A67BD558D5}.DebugCommercial2|Any CPU.Build.0 = Debug|Any CPU
		{613A173A-77E1-46A1-9668-93A67BD558D5}.DebugCommercial3|Any CPU.ActiveCfg = Debug|Any CPU
		{613A173A-77E1-46A1-9668-93A67BD558D5}.DebugCommercial3|Any CPU.Build.0 = Debug|Any CPU
		{613A173A-77E1-46A1-9668-93A67BD558D5}.Release|Any CPU.ActiveCfg = Release|Any CPU
		{613A173A-77E1-46A1-9668-93A67BD558D5}.Release|Any CPU.Build.0 = Release|Any CPU
		{A11AEF5A-B246-4FE8-8330-06DB73CC8074}.Debug|Any CPU.ActiveCfg = Debug|Any CPU
		{A11AEF5A-B246-4FE8-8330-06DB73CC8074}.Debug|Any CPU.Build.0 = Debug|Any CPU
		{A11AEF5A-B246-4FE8-8330-06DB73CC8074}.DebugCommercial|Any CPU.ActiveCfg = Debug|Any CPU
		{A11AEF5A-B246-4FE8-8330-06DB73CC8074}.DebugCommercial|Any CPU.Build.0 = Debug|Any CPU
		{A11AEF5A-B246-4FE8-8330-06DB73CC8074}.DebugCommercial1|Any CPU.ActiveCfg = Debug|Any CPU
		{A11AEF5A-B246-4FE8-8330-06DB73CC8074}.DebugCommercial1|Any CPU.Build.0 = Debug|Any CPU
		{A11AEF5A-B246-4FE8-8330-06DB73CC8074}.DebugCommercial2|Any CPU.ActiveCfg = Debug|Any CPU
		{A11AEF5A-B246-4FE8-8330-06DB73CC8074}.DebugCommercial2|Any CPU.Build.0 = Debug|Any CPU
		{A11AEF5A-B246-4FE8-8330-06DB73CC8074}.DebugCommercial3|Any CPU.ActiveCfg = Debug|Any CPU
		{A11AEF5A-B246-4FE8-8330-06DB73CC8074}.DebugCommercial3|Any CPU.Build.0 = Debug|Any CPU
		{A11AEF5A-B246-4FE8-8330-06DB73CC8074}.Release|Any CPU.ActiveCfg = Release|Any CPU
		{A11AEF5A-B246-4FE8-8330-06DB73CC8074}.Release|Any CPU.Build.0 = Release|Any CPU
		{F4A2D947-EAF7-4F1C-BDEA-8217BD96DB9D}.Debug|Any CPU.ActiveCfg = Debug|Any CPU
		{F4A2D947-EAF7-4F1C-BDEA-8217BD96DB9D}.Debug|Any CPU.Build.0 = Debug|Any CPU
		{F4A2D947-EAF7-4F1C-BDEA-8217BD96DB9D}.DebugCommercial|Any CPU.ActiveCfg = Debug|Any CPU
		{F4A2D947-EAF7-4F1C-BDEA-8217BD96DB9D}.DebugCommercial|Any CPU.Build.0 = Debug|Any CPU
		{F4A2D947-EAF7-4F1C-BDEA-8217BD96DB9D}.DebugCommercial1|Any CPU.ActiveCfg = Debug|Any CPU
		{F4A2D947-EAF7-4F1C-BDEA-8217BD96DB9D}.DebugCommercial1|Any CPU.Build.0 = Debug|Any CPU
		{F4A2D947-EAF7-4F1C-BDEA-8217BD96DB9D}.DebugCommercial2|Any CPU.ActiveCfg = Debug|Any CPU
		{F4A2D947-EAF7-4F1C-BDEA-8217BD96DB9D}.DebugCommercial2|Any CPU.Build.0 = Debug|Any CPU
		{F4A2D947-EAF7-4F1C-BDEA-8217BD96DB9D}.DebugCommercial3|Any CPU.ActiveCfg = Debug|Any CPU
		{F4A2D947-EAF7-4F1C-BDEA-8217BD96DB9D}.DebugCommercial3|Any CPU.Build.0 = Debug|Any CPU
		{F4A2D947-EAF7-4F1C-BDEA-8217BD96DB9D}.Release|Any CPU.ActiveCfg = Release|Any CPU
		{F4A2D947-EAF7-4F1C-BDEA-8217BD96DB9D}.Release|Any CPU.Build.0 = Release|Any CPU
	EndGlobalSection
	GlobalSection(SolutionProperties) = preSolution
		HideSolutionNode = FALSE
	EndGlobalSection
	GlobalSection(ExtensibilityGlobals) = postSolution
		VisualSVNWorkingCopyRoot = .
	EndGlobalSection
EndGlobal
