
Microsoft Visual Studio Solution File, Format Version 12.00
# Visual Studio Version 17
VisualStudioVersion = 17.3.32811.315
MinimumVisualStudioVersion = 10.0.40219.1
Project("{FAE04EC0-301F-11D3-BF4B-00C04F79EFBC}") = "EasyModbus_Net40", "EasyModbus\EasyModbus_Net40.csproj", "{7657FC4A-AEDF-4F17-B3E9-0D0DFB1CE23B}"
EndProject
Project("{FAE04EC0-301F-11D3-BF4B-00C04F79EFBC}") = "EasyModbusServerSimulator", "EasyModbusServerSimulator\EasyModbusServerSimulator.csproj", "{871BD4C1-69F0-45B9-8807-1620E6A896A9}"
EndProject
Project("{FAE04EC0-301F-11D3-BF4B-00C04F79EFBC}") = "EasyModbusClientExample", "EasyModbusClientExample\EasyModbusClientExample.csproj", "{9412077F-7DFF-45D0-AFF9-7D5303118EA7}"
EndProject
Project("{FAE04EC0-301F-11D3-BF4B-00C04F79EFBC}") = "EasyModbusAdvancedClient", "EasyModbusAdvancedClient\EasyModbusAdvancedClient.csproj", "{3398AAF9-F5A5-4F3B-9A02-14A6B2359DC4}"
EndProject
Project("{9A19103F-16F7-4668-BE54-9A1E7A4F7556}") = "ConsoleAppStd", "ConsoleAppStd\ConsoleAppStd.csproj", "{62AFCA11-8005-4D14-9F29-89DED1076335}"
EndProject
Project("{9A19103F-16F7-4668-BE54-9A1E7A4F7556}") = "EasyModbus_V5.0", "EasyModbus_NET5\EasyModbus_V5.0.csproj", "{83AFFC60-BC95-46B1-861F-B1F80270FBFA}"
EndProject
Project("{FAE04EC0-301F-11D3-BF4B-00C04F79EFBC}") = "EasyModbus_Net60", "EasyModbus_Net60\EasyModbus_Net60.csproj", "{6BD5A885-D0A3-44C0-BF73-E2118519EAFE}"
EndProject
Global
	GlobalSection(SolutionConfigurationPlatforms) = preSolution
		Debug|Any CPU = Debug|Any CPU
		Debug|ARM = Debug|ARM
		Debug|x64 = Debug|x64
		Debug|x86 = Debug|x86
		DebugCommercial|Any CPU = DebugCommercial|Any CPU
		DebugCommercial|ARM = DebugCommercial|ARM
		DebugCommercial|x64 = DebugCommercial|x64
		DebugCommercial|x86 = DebugCommercial|x86
		DebugCommercial1|Any CPU = DebugCommercial1|Any CPU
		DebugCommercial1|ARM = DebugCommercial1|ARM
		DebugCommercial1|x64 = DebugCommercial1|x64
		DebugCommercial1|x86 = DebugCommercial1|x86
		DebugCommercial2|Any CPU = DebugCommercial2|Any CPU
		DebugCommercial2|ARM = DebugCommercial2|ARM
		DebugCommercial2|x64 = DebugCommercial2|x64
		DebugCommercial2|x86 = DebugCommercial2|x86
		DebugCommercial3|Any CPU = DebugCommercial3|Any CPU
		DebugCommercial3|ARM = DebugCommercial3|ARM
		DebugCommercial3|x64 = DebugCommercial3|x64
		DebugCommercial3|x86 = DebugCommercial3|x86
		Release|Any CPU = Release|Any CPU
		Release|ARM = Release|ARM
		Release|x64 = Release|x64
		Release|x86 = Release|x86
	EndGlobalSection
	GlobalSection(ProjectConfigurationPlatforms) = postSolution
		{7657FC4A-AEDF-4F17-B3E9-0D0DFB1CE23B}.Debug|Any CPU.ActiveCfg = Debug|Any CPU
		{7657FC4A-AEDF-4F17-B3E9-0D0DFB1CE23B}.Debug|Any CPU.Build.0 = Debug|Any CPU
		{7657FC4A-AEDF-4F17-B3E9-0D0DFB1CE23B}.Debug|ARM.ActiveCfg = Debug|Any CPU
		{7657FC4A-AEDF-4F17-B3E9-0D0DFB1CE23B}.Debug|ARM.Build.0 = Debug|Any CPU
		{7657FC4A-AEDF-4F17-B3E9-0D0DFB1CE23B}.Debug|x64.ActiveCfg = Debug|Any CPU
		{7657FC4A-AEDF-4F17-B3E9-0D0DFB1CE23B}.Debug|x64.Build.0 = Debug|Any CPU
		{7657FC4A-AEDF-4F17-B3E9-0D0DFB1CE23B}.Debug|x86.ActiveCfg = Debug|Any CPU
		{7657FC4A-AEDF-4F17-B3E9-0D0DFB1CE23B}.Debug|x86.Build.0 = Debug|Any CPU
		{7657FC4A-AEDF-4F17-B3E9-0D0DFB1CE23B}.DebugCommercial|Any CPU.ActiveCfg = DebugCommercial|Any CPU
		{7657FC4A-AEDF-4F17-B3E9-0D0DFB1CE23B}.DebugCommercial|Any CPU.Build.0 = DebugCommercial|Any CPU
		{7657FC4A-AEDF-4F17-B3E9-0D0DFB1CE23B}.DebugCommercial|ARM.ActiveCfg = DebugCommercial|Any CPU
		{7657FC4A-AEDF-4F17-B3E9-0D0DFB1CE23B}.DebugCommercial|ARM.Build.0 = DebugCommercial|Any CPU
		{7657FC4A-AEDF-4F17-B3E9-0D0DFB1CE23B}.DebugCommercial|x64.ActiveCfg = DebugCommercial|Any CPU
		{7657FC4A-AEDF-4F17-B3E9-0D0DFB1CE23B}.DebugCommercial|x64.Build.0 = DebugCommercial|Any CPU
		{7657FC4A-AEDF-4F17-B3E9-0D0DFB1CE23B}.DebugCommercial|x86.ActiveCfg = DebugCommercial|Any CPU
		{7657FC4A-AEDF-4F17-B3E9-0D0DFB1CE23B}.DebugCommercial|x86.Build.0 = DebugCommercial|Any CPU
		{7657FC4A-AEDF-4F17-B3E9-0D0DFB1CE23B}.DebugCommercial1|Any CPU.ActiveCfg = DebugCommercial|Any CPU
		{7657FC4A-AEDF-4F17-B3E9-0D0DFB1CE23B}.DebugCommercial1|Any CPU.Build.0 = DebugCommercial|Any CPU
		{7657FC4A-AEDF-4F17-B3E9-0D0DFB1CE23B}.DebugCommercial1|ARM.ActiveCfg = DebugCommercial|Any CPU
		{7657FC4A-AEDF-4F17-B3E9-0D0DFB1CE23B}.DebugCommercial1|ARM.Build.0 = DebugCommercial|Any CPU
		{7657FC4A-AEDF-4F17-B3E9-0D0DFB1CE23B}.DebugCommercial1|x64.ActiveCfg = DebugCommercial|Any CPU
		{7657FC4A-AEDF-4F17-B3E9-0D0DFB1CE23B}.DebugCommercial1|x64.Build.0 = DebugCommercial|Any CPU
		{7657FC4A-AEDF-4F17-B3E9-0D0DFB1CE23B}.DebugCommercial1|x86.ActiveCfg = DebugCommercial|Any CPU
		{7657FC4A-AEDF-4F17-B3E9-0D0DFB1CE23B}.DebugCommercial1|x86.Build.0 = DebugCommercial|Any CPU
		{7657FC4A-AEDF-4F17-B3E9-0D0DFB1CE23B}.DebugCommercial2|Any CPU.ActiveCfg = DebugCommercial|Any CPU
		{7657FC4A-AEDF-4F17-B3E9-0D0DFB1CE23B}.DebugCommercial2|Any CPU.Build.0 = DebugCommercial|Any CPU
		{7657FC4A-AEDF-4F17-B3E9-0D0DFB1CE23B}.DebugCommercial2|ARM.ActiveCfg = DebugCommercial|Any CPU
		{7657FC4A-AEDF-4F17-B3E9-0D0DFB1CE23B}.DebugCommercial2|ARM.Build.0 = DebugCommercial|Any CPU
		{7657FC4A-AEDF-4F17-B3E9-0D0DFB1CE23B}.DebugCommercial2|x64.ActiveCfg = DebugCommercial|Any CPU
		{7657FC4A-AEDF-4F17-B3E9-0D0DFB1CE23B}.DebugCommercial2|x64.Build.0 = DebugCommercial|Any CPU
		{7657FC4A-AEDF-4F17-B3E9-0D0DFB1CE23B}.DebugCommercial2|x86.ActiveCfg = DebugCommercial|Any CPU
		{7657FC4A-AEDF-4F17-B3E9-0D0DFB1CE23B}.DebugCommercial2|x86.Build.0 = DebugCommercial|Any CPU
		{7657FC4A-AEDF-4F17-B3E9-0D0DFB1CE23B}.DebugCommercial3|Any CPU.ActiveCfg = DebugCommercial|Any CPU
		{7657FC4A-AEDF-4F17-B3E9-0D0DFB1CE23B}.DebugCommercial3|Any CPU.Build.0 = DebugCommercial|Any CPU
		{7657FC4A-AEDF-4F17-B3E9-0D0DFB1CE23B}.DebugCommercial3|ARM.ActiveCfg = DebugCommercial|Any CPU
		{7657FC4A-AEDF-4F17-B3E9-0D0DFB1CE23B}.DebugCommercial3|ARM.Build.0 = DebugCommercial|Any CPU
		{7657FC4A-AEDF-4F17-B3E9-0D0DFB1CE23B}.DebugCommercial3|x64.ActiveCfg = DebugCommercial|Any CPU
		{7657FC4A-AEDF-4F17-B3E9-0D0DFB1CE23B}.DebugCommercial3|x64.Build.0 = DebugCommercial|Any CPU
		{7657FC4A-AEDF-4F17-B3E9-0D0DFB1CE23B}.DebugCommercial3|x86.ActiveCfg = DebugCommercial|Any CPU
		{7657FC4A-AEDF-4F17-B3E9-0D0DFB1CE23B}.DebugCommercial3|x86.Build.0 = DebugCommercial|Any CPU
		{7657FC4A-AEDF-4F17-B3E9-0D0DFB1CE23B}.Release|Any CPU.ActiveCfg = Release|Any CPU
		{7657FC4A-AEDF-4F17-B3E9-0D0DFB1CE23B}.Release|Any CPU.Build.0 = Release|Any CPU
		{7657FC4A-AEDF-4F17-B3E9-0D0DFB1CE23B}.Release|ARM.ActiveCfg = Release|Any CPU
		{7657FC4A-AEDF-4F17-B3E9-0D0DFB1CE23B}.Release|ARM.Build.0 = Release|Any CPU
		{7657FC4A-AEDF-4F17-B3E9-0D0DFB1CE23B}.Release|x64.ActiveCfg = Release|Any CPU
		{7657FC4A-AEDF-4F17-B3E9-0D0DFB1CE23B}.Release|x64.Build.0 = Release|Any CPU
		{7657FC4A-AEDF-4F17-B3E9-0D0DFB1CE23B}.Release|x86.ActiveCfg = Release|Any CPU
		{7657FC4A-AEDF-4F17-B3E9-0D0DFB1CE23B}.Release|x86.Build.0 = Release|Any CPU
		{871BD4C1-69F0-45B9-8807-1620E6A896A9}.Debug|Any CPU.ActiveCfg = Debug|Any CPU
		{871BD4C1-69F0-45B9-8807-1620E6A896A9}.Debug|Any CPU.Build.0 = Debug|Any CPU
		{871BD4C1-69F0-45B9-8807-1620E6A896A9}.Debug|ARM.ActiveCfg = Debug|Any CPU
		{871BD4C1-69F0-45B9-8807-1620E6A896A9}.Debug|ARM.Build.0 = Debug|Any CPU
		{871BD4C1-69F0-45B9-8807-1620E6A896A9}.Debug|x64.ActiveCfg = Debug|Any CPU
		{871BD4C1-69F0-45B9-8807-1620E6A896A9}.Debug|x64.Build.0 = Debug|Any CPU
		{871BD4C1-69F0-45B9-8807-1620E6A896A9}.Debug|x86.ActiveCfg = Debug|Any CPU
		{871BD4C1-69F0-45B9-8807-1620E6A896A9}.Debug|x86.Build.0 = Debug|Any CPU
		{871BD4C1-69F0-45B9-8807-1620E6A896A9}.DebugCommercial|Any CPU.ActiveCfg = DebugCommercial3|Any CPU
		{871BD4C1-69F0-45B9-8807-1620E6A896A9}.DebugCommercial|Any CPU.Build.0 = DebugCommercial3|Any CPU
		{871BD4C1-69F0-45B9-8807-1620E6A896A9}.DebugCommercial|ARM.ActiveCfg = DebugCommercial3|Any CPU
		{871BD4C1-69F0-45B9-8807-1620E6A896A9}.DebugCommercial|ARM.Build.0 = DebugCommercial3|Any CPU
		{871BD4C1-69F0-45B9-8807-1620E6A896A9}.DebugCommercial|x64.ActiveCfg = DebugCommercial3|Any CPU
		{871BD4C1-69F0-45B9-8807-1620E6A896A9}.DebugCommercial|x64.Build.0 = DebugCommercial3|Any CPU
		{871BD4C1-69F0-45B9-8807-1620E6A896A9}.DebugCommercial|x86.ActiveCfg = DebugCommercial3|Any CPU
		{871BD4C1-69F0-45B9-8807-1620E6A896A9}.DebugCommercial|x86.Build.0 = DebugCommercial3|Any CPU
		{871BD4C1-69F0-45B9-8807-1620E6A896A9}.DebugCommercial1|Any CPU.ActiveCfg = Debug|Any CPU
		{871BD4C1-69F0-45B9-8807-1620E6A896A9}.DebugCommercial1|Any CPU.Build.0 = Debug|Any CPU
		{871BD4C1-69F0-45B9-8807-1620E6A896A9}.DebugCommercial1|ARM.ActiveCfg = DebugCommercial3|Any CPU
		{871BD4C1-69F0-45B9-8807-1620E6A896A9}.DebugCommercial1|ARM.Build.0 = DebugCommercial3|Any CPU
		{871BD4C1-69F0-45B9-8807-1620E6A896A9}.DebugCommercial1|x64.ActiveCfg = DebugCommercial3|Any CPU
		{871BD4C1-69F0-45B9-8807-1620E6A896A9}.DebugCommercial1|x64.Build.0 = DebugCommercial3|Any CPU
		{871BD4C1-69F0-45B9-8807-1620E6A896A9}.DebugCommercial1|x86.ActiveCfg = DebugCommercial3|Any CPU
		{871BD4C1-69F0-45B9-8807-1620E6A896A9}.DebugCommercial1|x86.Build.0 = DebugCommercial3|Any CPU
		{871BD4C1-69F0-45B9-8807-1620E6A896A9}.DebugCommercial2|Any CPU.ActiveCfg = Debug|Any CPU
		{871BD4C1-69F0-45B9-8807-1620E6A896A9}.DebugCommercial2|Any CPU.Build.0 = Debug|Any CPU
		{871BD4C1-69F0-45B9-8807-1620E6A896A9}.DebugCommercial2|ARM.ActiveCfg = DebugCommercial3|Any CPU
		{871BD4C1-69F0-45B9-8807-1620E6A896A9}.DebugCommercial2|ARM.Build.0 = DebugCommercial3|Any CPU
		{871BD4C1-69F0-45B9-8807-1620E6A896A9}.DebugCommercial2|x64.ActiveCfg = DebugCommercial3|Any CPU
		{871BD4C1-69F0-45B9-8807-1620E6A896A9}.DebugCommercial2|x64.Build.0 = DebugCommercial3|Any CPU
		{871BD4C1-69F0-45B9-8807-1620E6A896A9}.DebugCommercial2|x86.ActiveCfg = DebugCommercial3|Any CPU
		{871BD4C1-69F0-45B9-8807-1620E6A896A9}.DebugCommercial2|x86.Build.0 = DebugCommercial3|Any CPU
		{871BD4C1-69F0-45B9-8807-1620E6A896A9}.DebugCommercial3|Any CPU.ActiveCfg = DebugCommercial3|Any CPU
		{871BD4C1-69F0-45B9-8807-1620E6A896A9}.DebugCommercial3|Any CPU.Build.0 = DebugCommercial3|Any CPU
		{871BD4C1-69F0-45B9-8807-1620E6A896A9}.DebugCommercial3|ARM.ActiveCfg = DebugCommercial3|Any CPU
		{871BD4C1-69F0-45B9-8807-1620E6A896A9}.DebugCommercial3|ARM.Build.0 = DebugCommercial3|Any CPU
		{871BD4C1-69F0-45B9-8807-1620E6A896A9}.DebugCommercial3|x64.ActiveCfg = DebugCommercial3|Any CPU
		{871BD4C1-69F0-45B9-8807-1620E6A896A9}.DebugCommercial3|x64.Build.0 = DebugCommercial3|Any CPU
		{871BD4C1-69F0-45B9-8807-1620E6A896A9}.DebugCommercial3|x86.ActiveCfg = DebugCommercial3|Any CPU
		{871BD4C1-69F0-45B9-8807-1620E6A896A9}.DebugCommercial3|x86.Build.0 = DebugCommercial3|Any CPU
		{871BD4C1-69F0-45B9-8807-1620E6A896A9}.Release|Any CPU.ActiveCfg = Release|Any CPU
		{871BD4C1-69F0-45B9-8807-1620E6A896A9}.Release|Any CPU.Build.0 = Release|Any CPU
		{871BD4C1-69F0-45B9-8807-1620E6A896A9}.Release|ARM.ActiveCfg = Release|Any CPU
		{871BD4C1-69F0-45B9-8807-1620E6A896A9}.Release|ARM.Build.0 = Release|Any CPU
		{871BD4C1-69F0-45B9-8807-1620E6A896A9}.Release|x64.ActiveCfg = Release|Any CPU
		{871BD4C1-69F0-45B9-8807-1620E6A896A9}.Release|x64.Build.0 = Release|Any CPU
		{871BD4C1-69F0-45B9-8807-1620E6A896A9}.Release|x86.ActiveCfg = Release|Any CPU
		{871BD4C1-69F0-45B9-8807-1620E6A896A9}.Release|x86.Build.0 = Release|Any CPU
		{9412077F-7DFF-45D0-AFF9-7D5303118EA7}.Debug|Any CPU.ActiveCfg = Debug|Any CPU
		{9412077F-7DFF-45D0-AFF9-7D5303118EA7}.Debug|Any CPU.Build.0 = Debug|Any CPU
		{9412077F-7DFF-45D0-AFF9-7D5303118EA7}.Debug|ARM.ActiveCfg = Debug|Any CPU
		{9412077F-7DFF-45D0-AFF9-7D5303118EA7}.Debug|ARM.Build.0 = Debug|Any CPU
		{9412077F-7DFF-45D0-AFF9-7D5303118EA7}.Debug|x64.ActiveCfg = Debug|Any CPU
		{9412077F-7DFF-45D0-AFF9-7D5303118EA7}.Debug|x64.Build.0 = Debug|Any CPU
		{9412077F-7DFF-45D0-AFF9-7D5303118EA7}.Debug|x86.ActiveCfg = Debug|Any CPU
		{9412077F-7DFF-45D0-AFF9-7D5303118EA7}.Debug|x86.Build.0 = Debug|Any CPU
		{9412077F-7DFF-45D0-AFF9-7D5303118EA7}.DebugCommercial|Any CPU.ActiveCfg = DebugCommercial2|Any CPU
		{9412077F-7DFF-45D0-AFF9-7D5303118EA7}.DebugCommercial|Any CPU.Build.0 = DebugCommercial2|Any CPU
		{9412077F-7DFF-45D0-AFF9-7D5303118EA7}.DebugCommercial|ARM.ActiveCfg = DebugCommercial2|Any CPU
		{9412077F-7DFF-45D0-AFF9-7D5303118EA7}.DebugCommercial|ARM.Build.0 = DebugCommercial2|Any CPU
		{9412077F-7DFF-45D0-AFF9-7D5303118EA7}.DebugCommercial|x64.ActiveCfg = DebugCommercial2|Any CPU
		{9412077F-7DFF-45D0-AFF9-7D5303118EA7}.DebugCommercial|x64.Build.0 = DebugCommercial2|Any CPU
		{9412077F-7DFF-45D0-AFF9-7D5303118EA7}.DebugCommercial|x86.ActiveCfg = DebugCommercial2|Any CPU
		{9412077F-7DFF-45D0-AFF9-7D5303118EA7}.DebugCommercial|x86.Build.0 = DebugCommercial2|Any CPU
		{9412077F-7DFF-45D0-AFF9-7D5303118EA7}.DebugCommercial1|Any CPU.ActiveCfg = Debug|Any CPU
		{9412077F-7DFF-45D0-AFF9-7D5303118EA7}.DebugCommercial1|Any CPU.Build.0 = Debug|Any CPU
		{9412077F-7DFF-45D0-AFF9-7D5303118EA7}.DebugCommercial1|ARM.ActiveCfg = DebugCommercial2|Any CPU
		{9412077F-7DFF-45D0-AFF9-7D5303118EA7}.DebugCommercial1|ARM.Build.0 = DebugCommercial2|Any CPU
		{9412077F-7DFF-45D0-AFF9-7D5303118EA7}.DebugCommercial1|x64.ActiveCfg = DebugCommercial2|Any CPU
		{9412077F-7DFF-45D0-AFF9-7D5303118EA7}.DebugCommercial1|x64.Build.0 = DebugCommercial2|Any CPU
		{9412077F-7DFF-45D0-AFF9-7D5303118EA7}.DebugCommercial1|x86.ActiveCfg = DebugCommercial2|Any CPU
		{9412077F-7DFF-45D0-AFF9-7D5303118EA7}.DebugCommercial1|x86.Build.0 = DebugCommercial2|Any CPU
		{9412077F-7DFF-45D0-AFF9-7D5303118EA7}.DebugCommercial2|Any CPU.ActiveCfg = DebugCommercial2|Any CPU
		{9412077F-7DFF-45D0-AFF9-7D5303118EA7}.DebugCommercial2|Any CPU.Build.0 = DebugCommercial2|Any CPU
		{9412077F-7DFF-45D0-AFF9-7D5303118EA7}.DebugCommercial2|ARM.ActiveCfg = DebugCommercial2|Any CPU
		{9412077F-7DFF-45D0-AFF9-7D5303118EA7}.DebugCommercial2|ARM.Build.0 = DebugCommercial2|Any CPU
		{9412077F-7DFF-45D0-AFF9-7D5303118EA7}.DebugCommercial2|x64.ActiveCfg = DebugCommercial2|Any CPU
		{9412077F-7DFF-45D0-AFF9-7D5303118EA7}.DebugCommercial2|x64.Build.0 = DebugCommercial2|Any CPU
		{9412077F-7DFF-45D0-AFF9-7D5303118EA7}.DebugCommercial2|x86.ActiveCfg = DebugCommercial2|Any CPU
		{9412077F-7DFF-45D0-AFF9-7D5303118EA7}.DebugCommercial2|x86.Build.0 = DebugCommercial2|Any CPU
		{9412077F-7DFF-45D0-AFF9-7D5303118EA7}.DebugCommercial3|Any CPU.ActiveCfg = DebugCommercial2|Any CPU
		{9412077F-7DFF-45D0-AFF9-7D5303118EA7}.DebugCommercial3|Any CPU.Build.0 = DebugCommercial2|Any CPU
		{9412077F-7DFF-45D0-AFF9-7D5303118EA7}.DebugCommercial3|ARM.ActiveCfg = DebugCommercial2|Any CPU
		{9412077F-7DFF-45D0-AFF9-7D5303118EA7}.DebugCommercial3|ARM.Build.0 = DebugCommercial2|Any CPU
		{9412077F-7DFF-45D0-AFF9-7D5303118EA7}.DebugCommercial3|x64.ActiveCfg = DebugCommercial2|Any CPU
		{9412077F-7DFF-45D0-AFF9-7D5303118EA7}.DebugCommercial3|x64.Build.0 = DebugCommercial2|Any CPU
		{9412077F-7DFF-45D0-AFF9-7D5303118EA7}.DebugCommercial3|x86.ActiveCfg = DebugCommercial2|Any CPU
		{9412077F-7DFF-45D0-AFF9-7D5303118EA7}.DebugCommercial3|x86.Build.0 = DebugCommercial2|Any CPU
		{9412077F-7DFF-45D0-AFF9-7D5303118EA7}.Release|Any CPU.ActiveCfg = Release|Any CPU
		{9412077F-7DFF-45D0-AFF9-7D5303118EA7}.Release|Any CPU.Build.0 = Release|Any CPU
		{9412077F-7DFF-45D0-AFF9-7D5303118EA7}.Release|ARM.ActiveCfg = Release|Any CPU
		{9412077F-7DFF-45D0-AFF9-7D5303118EA7}.Release|ARM.Build.0 = Release|Any CPU
		{9412077F-7DFF-45D0-AFF9-7D5303118EA7}.Release|x64.ActiveCfg = Release|Any CPU
		{9412077F-7DFF-45D0-AFF9-7D5303118EA7}.Release|x64.Build.0 = Release|Any CPU
		{9412077F-7DFF-45D0-AFF9-7D5303118EA7}.Release|x86.ActiveCfg = Release|Any CPU
		{9412077F-7DFF-45D0-AFF9-7D5303118EA7}.Release|x86.Build.0 = Release|Any CPU
		{3398AAF9-F5A5-4F3B-9A02-14A6B2359DC4}.Debug|Any CPU.ActiveCfg = Debug|Any CPU
		{3398AAF9-F5A5-4F3B-9A02-14A6B2359DC4}.Debug|Any CPU.Build.0 = Debug|Any CPU
		{3398AAF9-F5A5-4F3B-9A02-14A6B2359DC4}.Debug|ARM.ActiveCfg = Debug|Any CPU
		{3398AAF9-F5A5-4F3B-9A02-14A6B2359DC4}.Debug|ARM.Build.0 = Debug|Any CPU
		{3398AAF9-F5A5-4F3B-9A02-14A6B2359DC4}.Debug|x64.ActiveCfg = Debug|Any CPU
		{3398AAF9-F5A5-4F3B-9A02-14A6B2359DC4}.Debug|x64.Build.0 = Debug|Any CPU
		{3398AAF9-F5A5-4F3B-9A02-14A6B2359DC4}.Debug|x86.ActiveCfg = Debug|Any CPU
		{3398AAF9-F5A5-4F3B-9A02-14A6B2359DC4}.Debug|x86.Build.0 = Debug|Any CPU
		{3398AAF9-F5A5-4F3B-9A02-14A6B2359DC4}.DebugCommercial|Any CPU.ActiveCfg = DebugCommercial1|Any CPU
		{3398AAF9-F5A5-4F3B-9A02-14A6B2359DC4}.DebugCommercial|Any CPU.Build.0 = DebugCommercial1|Any CPU
		{3398AAF9-F5A5-4F3B-9A02-14A6B2359DC4}.DebugCommercial|ARM.ActiveCfg = DebugCommercial1|Any CPU
		{3398AAF9-F5A5-4F3B-9A02-14A6B2359DC4}.DebugCommercial|ARM.Build.0 = DebugCommercial1|Any CPU
		{3398AAF9-F5A5-4F3B-9A02-14A6B2359DC4}.DebugCommercial|x64.ActiveCfg = DebugCommercial1|Any CPU
		{3398AAF9-F5A5-4F3B-9A02-14A6B2359DC4}.DebugCommercial|x64.Build.0 = DebugCommercial1|Any CPU
		{3398AAF9-F5A5-4F3B-9A02-14A6B2359DC4}.DebugCommercial|x86.ActiveCfg = DebugCommercial1|Any CPU
		{3398AAF9-F5A5-4F3B-9A02-14A6B2359DC4}.DebugCommercial|x86.Build.0 = DebugCommercial1|Any CPU
		{3398AAF9-F5A5-4F3B-9A02-14A6B2359DC4}.DebugCommercial1|Any CPU.ActiveCfg = DebugCommercial1|Any CPU
		{3398AAF9-F5A5-4F3B-9A02-14A6B2359DC4}.DebugCommercial1|Any CPU.Build.0 = DebugCommercial1|Any CPU
		{3398AAF9-F5A5-4F3B-9A02-14A6B2359DC4}.DebugCommercial1|ARM.ActiveCfg = DebugCommercial1|Any CPU
		{3398AAF9-F5A5-4F3B-9A02-14A6B2359DC4}.DebugCommercial1|ARM.Build.0 = DebugCommercial1|Any CPU
		{3398AAF9-F5A5-4F3B-9A02-14A6B2359DC4}.DebugCommercial1|x64.ActiveCfg = DebugCommercial1|Any CPU
		{3398AAF9-F5A5-4F3B-9A02-14A6B2359DC4}.DebugCommercial1|x64.Build.0 = DebugCommercial1|Any CPU
		{3398AAF9-F5A5-4F3B-9A02-14A6B2359DC4}.DebugCommercial1|x86.ActiveCfg = DebugCommercial1|Any CPU
		{3398AAF9-F5A5-4F3B-9A02-14A6B2359DC4}.DebugCommercial1|x86.Build.0 = DebugCommercial1|Any CPU
		{3398AAF9-F5A5-4F3B-9A02-14A6B2359DC4}.DebugCommercial2|Any CPU.ActiveCfg = DebugCommercial1|Any CPU
		{3398AAF9-F5A5-4F3B-9A02-14A6B2359DC4}.DebugCommercial2|Any CPU.Build.0 = DebugCommercial1|Any CPU
		{3398AAF9-F5A5-4F3B-9A02-14A6B2359DC4}.DebugCommercial2|ARM.ActiveCfg = DebugCommercial1|Any CPU
		{3398AAF9-F5A5-4F3B-9A02-14A6B2359DC4}.DebugCommercial2|ARM.Build.0 = DebugCommercial1|Any CPU
		{3398AAF9-F5A5-4F3B-9A02-14A6B2359DC4}.DebugCommercial2|x64.ActiveCfg = DebugCommercial1|Any CPU
		{3398AAF9-F5A5-4F3B-9A02-14A6B2359DC4}.DebugCommercial2|x64.Build.0 = DebugCommercial1|Any CPU
		{3398AAF9-F5A5-4F3B-9A02-14A6B2359DC4}.DebugCommercial2|x86.ActiveCfg = DebugCommercial1|Any CPU
		{3398AAF9-F5A5-4F3B-9A02-14A6B2359DC4}.DebugCommercial2|x86.Build.0 = DebugCommercial1|Any CPU
		{3398AAF9-F5A5-4F3B-9A02-14A6B2359DC4}.DebugCommercial3|Any CPU.ActiveCfg = DebugCommercial1|Any CPU
		{3398AAF9-F5A5-4F3B-9A02-14A6B2359DC4}.DebugCommercial3|Any CPU.Build.0 = DebugCommercial1|Any CPU
		{3398AAF9-F5A5-4F3B-9A02-14A6B2359DC4}.DebugCommercial3|ARM.ActiveCfg = DebugCommercial1|Any CPU
		{3398AAF9-F5A5-4F3B-9A02-14A6B2359DC4}.DebugCommercial3|ARM.Build.0 = DebugCommercial1|Any CPU
		{3398AAF9-F5A5-4F3B-9A02-14A6B2359DC4}.DebugCommercial3|x64.ActiveCfg = DebugCommercial1|Any CPU
		{3398AAF9-F5A5-4F3B-9A02-14A6B2359DC4}.DebugCommercial3|x64.Build.0 = DebugCommercial1|Any CPU
		{3398AAF9-F5A5-4F3B-9A02-14A6B2359DC4}.DebugCommercial3|x86.ActiveCfg = DebugCommercial1|Any CPU
		{3398AAF9-F5A5-4F3B-9A02-14A6B2359DC4}.DebugCommercial3|x86.Build.0 = DebugCommercial1|Any CPU
		{3398AAF9-F5A5-4F3B-9A02-14A6B2359DC4}.Release|Any CPU.ActiveCfg = Release|Any CPU
		{3398AAF9-F5A5-4F3B-9A02-14A6B2359DC4}.Release|Any CPU.Build.0 = Release|Any CPU
		{3398AAF9-F5A5-4F3B-9A02-14A6B2359DC4}.Release|ARM.ActiveCfg = Release|Any CPU
		{3398AAF9-F5A5-4F3B-9A02-14A6B2359DC4}.Release|ARM.Build.0 = Release|Any CPU
		{3398AAF9-F5A5-4F3B-9A02-14A6B2359DC4}.Release|x64.ActiveCfg = Release|Any CPU
		{3398AAF9-F5A5-4F3B-9A02-14A6B2359DC4}.Release|x64.Build.0 = Release|Any CPU
		{3398AAF9-F5A5-4F3B-9A02-14A6B2359DC4}.Release|x86.ActiveCfg = Release|Any CPU
		{3398AAF9-F5A5-4F3B-9A02-14A6B2359DC4}.Release|x86.Build.0 = Release|Any CPU
		{62AFCA11-8005-4D14-9F29-89DED1076335}.Debug|Any CPU.ActiveCfg = Debug|Any CPU
		{62AFCA11-8005-4D14-9F29-89DED1076335}.Debug|Any CPU.Build.0 = Debug|Any CPU
		{62AFCA11-8005-4D14-9F29-89DED1076335}.Debug|ARM.ActiveCfg = Debug|Any CPU
		{62AFCA11-8005-4D14-9F29-89DED1076335}.Debug|ARM.Build.0 = Debug|Any CPU
		{62AFCA11-8005-4D14-9F29-89DED1076335}.Debug|x64.ActiveCfg = Debug|Any CPU
		{62AFCA11-8005-4D14-9F29-89DED1076335}.Debug|x64.Build.0 = Debug|Any CPU
		{62AFCA11-8005-4D14-9F29-89DED1076335}.Debug|x86.ActiveCfg = Debug|Any CPU
		{62AFCA11-8005-4D14-9F29-89DED1076335}.Debug|x86.Build.0 = Debug|Any CPU
		{62AFCA11-8005-4D14-9F29-89DED1076335}.DebugCommercial|Any CPU.ActiveCfg = Debug|Any CPU
		{62AFCA11-8005-4D14-9F29-89DED1076335}.DebugCommercial|Any CPU.Build.0 = Debug|Any CPU
		{62AFCA11-8005-4D14-9F29-89DED1076335}.DebugCommercial|ARM.ActiveCfg = Debug|Any CPU
		{62AFCA11-8005-4D14-9F29-89DED1076335}.DebugCommercial|ARM.Build.0 = Debug|Any CPU
		{62AFCA11-8005-4D14-9F29-89DED1076335}.DebugCommercial|x64.ActiveCfg = Debug|Any CPU
		{62AFCA11-8005-4D14-9F29-89DED1076335}.DebugCommercial|x64.Build.0 = Debug|Any CPU
		{62AFCA11-8005-4D14-9F29-89DED1076335}.DebugCommercial|x86.ActiveCfg = Debug|Any CPU
		{62AFCA11-8005-4D14-9F29-89DED1076335}.DebugCommercial|x86.Build.0 = Debug|Any CPU
		{62AFCA11-8005-4D14-9F29-89DED1076335}.DebugCommercial1|Any CPU.ActiveCfg = Debug|Any CPU
		{62AFCA11-8005-4D14-9F29-89DED1076335}.DebugCommercial1|Any CPU.Build.0 = Debug|Any CPU
		{62AFCA11-8005-4D14-9F29-89DED1076335}.DebugCommercial1|ARM.ActiveCfg = Debug|Any CPU
		{62AFCA11-8005-4D14-9F29-89DED1076335}.DebugCommercial1|ARM.Build.0 = Debug|Any CPU
		{62AFCA11-8005-4D14-9F29-89DED1076335}.DebugCommercial1|x64.ActiveCfg = Debug|Any CPU
		{62AFCA11-8005-4D14-9F29-89DED1076335}.DebugCommercial1|x64.Build.0 = Debug|Any CPU
		{62AFCA11-8005-4D14-9F29-89DED1076335}.DebugCommercial1|x86.ActiveCfg = Debug|Any CPU
		{62AFCA11-8005-4D14-9F29-89DED1076335}.DebugCommercial1|x86.Build.0 = Debug|Any CPU
		{62AFCA11-8005-4D14-9F29-89DED1076335}.DebugCommercial2|Any CPU.ActiveCfg = Debug|Any CPU
		{62AFCA11-8005-4D14-9F29-89DED1076335}.DebugCommercial2|Any CPU.Build.0 = Debug|Any CPU
		{62AFCA11-8005-4D14-9F29-89DED1076335}.DebugCommercial2|ARM.ActiveCfg = Debug|Any CPU
		{62AFCA11-8005-4D14-9F29-89DED1076335}.DebugCommercial2|ARM.Build.0 = Debug|Any CPU
		{62AFCA11-8005-4D14-9F29-89DED1076335}.DebugCommercial2|x64.ActiveCfg = Debug|Any CPU
		{62AFCA11-8005-4D14-9F29-89DED1076335}.DebugCommercial2|x64.Build.0 = Debug|Any CPU
		{62AFCA11-8005-4D14-9F29-89DED1076335}.DebugCommercial2|x86.ActiveCfg = Debug|Any CPU
		{62AFCA11-8005-4D14-9F29-89DED1076335}.DebugCommercial2|x86.Build.0 = Debug|Any CPU
		{62AFCA11-8005-4D14-9F29-89DED1076335}.DebugCommercial3|Any CPU.ActiveCfg = Debug|Any CPU
		{62AFCA11-8005-4D14-9F29-89DED1076335}.DebugCommercial3|Any CPU.Build.0 = Debug|Any CPU
		{62AFCA11-8005-4D14-9F29-89DED1076335}.DebugCommercial3|ARM.ActiveCfg = Debug|Any CPU
		{62AFCA11-8005-4D14-9F29-89DED1076335}.DebugCommercial3|ARM.Build.0 = Debug|Any CPU
		{62AFCA11-8005-4D14-9F29-89DED1076335}.DebugCommercial3|x64.ActiveCfg = Debug|Any CPU
		{62AFCA11-8005-4D14-9F29-89DED1076335}.DebugCommercial3|x64.Build.0 = Debug|Any CPU
		{62AFCA11-8005-4D14-9F29-89DED1076335}.DebugCommercial3|x86.ActiveCfg = Debug|Any CPU
		{62AFCA11-8005-4D14-9F29-89DED1076335}.DebugCommercial3|x86.Build.0 = Debug|Any CPU
		{62AFCA11-8005-4D14-9F29-89DED1076335}.Release|Any CPU.ActiveCfg = Release|Any CPU
		{62AFCA11-8005-4D14-9F29-89DED1076335}.Release|Any CPU.Build.0 = Release|Any CPU
		{62AFCA11-8005-4D14-9F29-89DED1076335}.Release|ARM.ActiveCfg = Release|Any CPU
		{62AFCA11-8005-4D14-9F29-89DED1076335}.Release|ARM.Build.0 = Release|Any CPU
		{62AFCA11-8005-4D14-9F29-89DED1076335}.Release|x64.ActiveCfg = Release|Any CPU
		{62AFCA11-8005-4D14-9F29-89DED1076335}.Release|x64.Build.0 = Release|Any CPU
		{62AFCA11-8005-4D14-9F29-89DED1076335}.Release|x86.ActiveCfg = Release|Any CPU
		{62AFCA11-8005-4D14-9F29-89DED1076335}.Release|x86.Build.0 = Release|Any CPU
		{83AFFC60-BC95-46B1-861F-B1F80270FBFA}.Debug|Any CPU.ActiveCfg = Debug|Any CPU
		{83AFFC60-BC95-46B1-861F-B1F80270FBFA}.Debug|Any CPU.Build.0 = Debug|Any CPU
		{83AFFC60-BC95-46B1-861F-B1F80270FBFA}.Debug|ARM.ActiveCfg = Debug|Any CPU
		{83AFFC60-BC95-46B1-861F-B1F80270FBFA}.Debug|ARM.Build.0 = Debug|Any CPU
		{83AFFC60-BC95-46B1-861F-B1F80270FBFA}.Debug|x64.ActiveCfg = Debug|Any CPU
		{83AFFC60-BC95-46B1-861F-B1F80270FBFA}.Debug|x64.Build.0 = Debug|Any CPU
		{83AFFC60-BC95-46B1-861F-B1F80270FBFA}.Debug|x86.ActiveCfg = Debug|Any CPU
		{83AFFC60-BC95-46B1-861F-B1F80270FBFA}.Debug|x86.Build.0 = Debug|Any CPU
		{83AFFC60-BC95-46B1-861F-B1F80270FBFA}.DebugCommercial|Any CPU.ActiveCfg = Debug|Any CPU
		{83AFFC60-BC95-46B1-861F-B1F80270FBFA}.DebugCommercial|Any CPU.Build.0 = Debug|Any CPU
		{83AFFC60-BC95-46B1-861F-B1F80270FBFA}.DebugCommercial|ARM.ActiveCfg = Debug|Any CPU
		{83AFFC60-BC95-46B1-861F-B1F80270FBFA}.DebugCommercial|ARM.Build.0 = Debug|Any CPU
		{83AFFC60-BC95-46B1-861F-B1F80270FBFA}.DebugCommercial|x64.ActiveCfg = Debug|Any CPU
		{83AFFC60-BC95-46B1-861F-B1F80270FBFA}.DebugCommercial|x64.Build.0 = Debug|Any CPU
		{83AFFC60-BC95-46B1-861F-B1F80270FBFA}.DebugCommercial|x86.ActiveCfg = Debug|Any CPU
		{83AFFC60-BC95-46B1-861F-B1F80270FBFA}.DebugCommercial|x86.Build.0 = Debug|Any CPU
		{83AFFC60-BC95-46B1-861F-B1F80270FBFA}.DebugCommercial1|Any CPU.ActiveCfg = Debug|Any CPU
		{83AFFC60-BC95-46B1-861F-B1F80270FBFA}.DebugCommercial1|Any CPU.Build.0 = Debug|Any CPU
		{83AFFC60-BC95-46B1-861F-B1F80270FBFA}.DebugCommercial1|ARM.ActiveCfg = Debug|Any CPU
		{83AFFC60-BC95-46B1-861F-B1F80270FBFA}.DebugCommercial1|ARM.Build.0 = Debug|Any CPU
		{83AFFC60-BC95-46B1-861F-B1F80270FBFA}.DebugCommercial1|x64.ActiveCfg = Debug|Any CPU
		{83AFFC60-BC95-46B1-861F-B1F80270FBFA}.DebugCommercial1|x64.Build.0 = Debug|Any CPU
		{83AFFC60-BC95-46B1-861F-B1F80270FBFA}.DebugCommercial1|x86.ActiveCfg = Debug|Any CPU
		{83AFFC60-BC95-46B1-861F-B1F80270FBFA}.DebugCommercial1|x86.Build.0 = Debug|Any CPU
		{83AFFC60-BC95-46B1-861F-B1F80270FBFA}.DebugCommercial2|Any CPU.ActiveCfg = Debug|Any CPU
		{83AFFC60-BC95-46B1-861F-B1F80270FBFA}.DebugCommercial2|Any CPU.Build.0 = Debug|Any CPU
		{83AFFC60-BC95-46B1-861F-B1F80270FBFA}.DebugCommercial2|ARM.ActiveCfg = Debug|Any CPU
		{83AFFC60-BC95-46B1-861F-B1F80270FBFA}.DebugCommercial2|ARM.Build.0 = Debug|Any CPU
		{83AFFC60-BC95-46B1-861F-B1F80270FBFA}.DebugCommercial2|x64.ActiveCfg = Debug|Any CPU
		{83AFFC60-BC95-46B1-861F-B1F80270FBFA}.DebugCommercial2|x64.Build.0 = Debug|Any CPU
		{83AFFC60-BC95-46B1-861F-B1F80270FBFA}.DebugCommercial2|x86.ActiveCfg = Debug|Any CPU
		{83AFFC60-BC95-46B1-861F-B1F80270FBFA}.DebugCommercial2|x86.Build.0 = Debug|Any CPU
		{83AFFC60-BC95-46B1-861F-B1F80270FBFA}.DebugCommercial3|Any CPU.ActiveCfg = Debug|Any CPU
		{83AFFC60-BC95-46B1-861F-B1F80270FBFA}.DebugCommercial3|Any CPU.Build.0 = Debug|Any CPU
		{83AFFC60-BC95-46B1-861F-B1F80270FBFA}.DebugCommercial3|ARM.ActiveCfg = Debug|Any CPU
		{83AFFC60-BC95-46B1-861F-B1F80270FBFA}.DebugCommercial3|ARM.Build.0 = Debug|Any CPU
		{83AFFC60-BC95-46B1-861F-B1F80270FBFA}.DebugCommercial3|x64.ActiveCfg = Debug|Any CPU
		{83AFFC60-BC95-46B1-861F-B1F80270FBFA}.DebugCommercial3|x64.Build.0 = Debug|Any CPU
		{83AFFC60-BC95-46B1-861F-B1F80270FBFA}.DebugCommercial3|x86.ActiveCfg = Debug|Any CPU
		{83AFFC60-BC95-46B1-861F-B1F80270FBFA}.DebugCommercial3|x86.Build.0 = Debug|Any CPU
		{83AFFC60-BC95-46B1-861F-B1F80270FBFA}.Release|Any CPU.ActiveCfg = Release|Any CPU
		{83AFFC60-BC95-46B1-861F-B1F80270FBFA}.Release|Any CPU.Build.0 = Release|Any CPU
		{83AFFC60-BC95-46B1-861F-B1F80270FBFA}.Release|ARM.ActiveCfg = Release|Any CPU
		{83AFFC60-BC95-46B1-861F-B1F80270FBFA}.Release|ARM.Build.0 = Release|Any CPU
		{83AFFC60-BC95-46B1-861F-B1F80270FBFA}.Release|x64.ActiveCfg = Release|Any CPU
		{83AFFC60-BC95-46B1-861F-B1F80270FBFA}.Release|x64.Build.0 = Release|Any CPU
		{83AFFC60-BC95-46B1-861F-B1F80270FBFA}.Release|x86.ActiveCfg = Release|Any CPU
		{83AFFC60-BC95-46B1-861F-B1F80270FBFA}.Release|x86.Build.0 = Release|Any CPU
		{6BD5A885-D0A3-44C0-BF73-E2118519EAFE}.Debug|Any CPU.ActiveCfg = Debug|Any CPU
		{6BD5A885-D0A3-44C0-BF73-E2118519EAFE}.Debug|Any CPU.Build.0 = Debug|Any CPU
		{6BD5A885-D0A3-44C0-BF73-E2118519EAFE}.Debug|ARM.ActiveCfg = Debug|Any CPU
		{6BD5A885-D0A3-44C0-BF73-E2118519EAFE}.Debug|ARM.Build.0 = Debug|Any CPU
		{6BD5A885-D0A3-44C0-BF73-E2118519EAFE}.Debug|x64.ActiveCfg = Debug|Any CPU
		{6BD5A885-D0A3-44C0-BF73-E2118519EAFE}.Debug|x64.Build.0 = Debug|Any CPU
		{6BD5A885-D0A3-44C0-BF73-E2118519EAFE}.Debug|x86.ActiveCfg = Debug|Any CPU
		{6BD5A885-D0A3-44C0-BF73-E2118519EAFE}.Debug|x86.Build.0 = Debug|Any CPU
		{6BD5A885-D0A3-44C0-BF73-E2118519EAFE}.DebugCommercial|Any CPU.ActiveCfg = Debug|Any CPU
		{6BD5A885-D0A3-44C0-BF73-E2118519EAFE}.DebugCommercial|Any CPU.Build.0 = Debug|Any CPU
		{6BD5A885-D0A3-44C0-BF73-E2118519EAFE}.DebugCommercial|ARM.ActiveCfg = Debug|Any CPU
		{6BD5A885-D0A3-44C0-BF73-E2118519EAFE}.DebugCommercial|ARM.Build.0 = Debug|Any CPU
		{6BD5A885-D0A3-44C0-BF73-E2118519EAFE}.DebugCommercial|x64.ActiveCfg = Debug|Any CPU
		{6BD5A885-D0A3-44C0-BF73-E2118519EAFE}.DebugCommercial|x64.Build.0 = Debug|Any CPU
		{6BD5A885-D0A3-44C0-BF73-E2118519EAFE}.DebugCommercial|x86.ActiveCfg = Debug|Any CPU
		{6BD5A885-D0A3-44C0-BF73-E2118519EAFE}.DebugCommercial|x86.Build.0 = Debug|Any CPU
		{6BD5A885-D0A3-44C0-BF73-E2118519EAFE}.DebugCommercial1|Any CPU.ActiveCfg = Debug|Any CPU
		{6BD5A885-D0A3-44C0-BF73-E2118519EAFE}.DebugCommercial1|Any CPU.Build.0 = Debug|Any CPU
		{6BD5A885-D0A3-44C0-BF73-E2118519EAFE}.DebugCommercial1|ARM.ActiveCfg = Debug|Any CPU
		{6BD5A885-D0A3-44C0-BF73-E2118519EAFE}.DebugCommercial1|ARM.Build.0 = Debug|Any CPU
		{6BD5A885-D0A3-44C0-BF73-E2118519EAFE}.DebugCommercial1|x64.ActiveCfg = Debug|Any CPU
		{6BD5A885-D0A3-44C0-BF73-E2118519EAFE}.DebugCommercial1|x64.Build.0 = Debug|Any CPU
		{6BD5A885-D0A3-44C0-BF73-E2118519EAFE}.DebugCommercial1|x86.ActiveCfg = Debug|Any CPU
		{6BD5A885-D0A3-44C0-BF73-E2118519EAFE}.DebugCommercial1|x86.Build.0 = Debug|Any CPU
		{6BD5A885-D0A3-44C0-BF73-E2118519EAFE}.DebugCommercial2|Any CPU.ActiveCfg = Debug|Any CPU
		{6BD5A885-D0A3-44C0-BF73-E2118519EAFE}.DebugCommercial2|Any CPU.Build.0 = Debug|Any CPU
		{6BD5A885-D0A3-44C0-BF73-E2118519EAFE}.DebugCommercial2|ARM.ActiveCfg = Debug|Any CPU
		{6BD5A885-D0A3-44C0-BF73-E2118519EAFE}.DebugCommercial2|ARM.Build.0 = Debug|Any CPU
		{6BD5A885-D0A3-44C0-BF73-E2118519EAFE}.DebugCommercial2|x64.ActiveCfg = Debug|Any CPU
		{6BD5A885-D0A3-44C0-BF73-E2118519EAFE}.DebugCommercial2|x64.Build.0 = Debug|Any CPU
		{6BD5A885-D0A3-44C0-BF73-E2118519EAFE}.DebugCommercial2|x86.ActiveCfg = Debug|Any CPU
		{6BD5A885-D0A3-44C0-BF73-E2118519EAFE}.DebugCommercial2|x86.Build.0 = Debug|Any CPU
		{6BD5A885-D0A3-44C0-BF73-E2118519EAFE}.DebugCommercial3|Any CPU.ActiveCfg = Debug|Any CPU
		{6BD5A885-D0A3-44C0-BF73-E2118519EAFE}.DebugCommercial3|Any CPU.Build.0 = Debug|Any CPU
		{6BD5A885-D0A3-44C0-BF73-E2118519EAFE}.DebugCommercial3|ARM.ActiveCfg = Debug|Any CPU
		{6BD5A885-D0A3-44C0-BF73-E2118519EAFE}.DebugCommercial3|ARM.Build.0 = Debug|Any CPU
		{6BD5A885-D0A3-44C0-BF73-E2118519EAFE}.DebugCommercial3|x64.ActiveCfg = Debug|Any CPU
		{6BD5A885-D0A3-44C0-BF73-E2118519EAFE}.DebugCommercial3|x64.Build.0 = Debug|Any CPU
		{6BD5A885-D0A3-44C0-BF73-E2118519EAFE}.DebugCommercial3|x86.ActiveCfg = Debug|Any CPU
		{6BD5A885-D0A3-44C0-BF73-E2118519EAFE}.DebugCommercial3|x86.Build.0 = Debug|Any CPU
		{6BD5A885-D0A3-44C0-BF73-E2118519EAFE}.Release|Any CPU.ActiveCfg = Release|Any CPU
		{6BD5A885-D0A3-44C0-BF73-E2118519EAFE}.Release|Any CPU.Build.0 = Release|Any CPU
		{6BD5A885-D0A3-44C0-BF73-E2118519EAFE}.Release|ARM.ActiveCfg = Release|Any CPU
		{6BD5A885-D0A3-44C0-BF73-E2118519EAFE}.Release|ARM.Build.0 = Release|Any CPU
		{6BD5A885-D0A3-44C0-BF73-E2118519EAFE}.Release|x64.ActiveCfg = Release|Any CPU
		{6BD5A885-D0A3-44C0-BF73-E2118519EAFE}.Release|x64.Build.0 = Release|Any CPU
		{6BD5A885-D0A3-44C0-BF73-E2118519EAFE}.Release|x86.ActiveCfg = Release|Any CPU
		{6BD5A885-D0A3-44C0-BF73-E2118519EAFE}.Release|x86.Build.0 = Release|Any CPU
	EndGlobalSection
	GlobalSection(SolutionProperties) = preSolution
		HideSolutionNode = FALSE
	EndGlobalSection
	GlobalSection(ExtensibilityGlobals) = postSolution
		VisualSVNWorkingCopyRoot = .
		SolutionGuid = {7628B1C9-8DDB-4DBD-A71D-D369A4A166DE}
	EndGlobalSection
EndGlobal
