
Microsoft Visual Studio Solution File, Format Version 10.00
# Visual Studio 2008
Project("{FAE04EC0-301F-11D3-BF4B-00C04F79EFBC}") = "M2Mqtt.NetCf35", "M2Mqtt\M2Mqtt.NetCf35.csproj", "{194FEA1B-E67F-4FC0-AC47-CD71F7F060CC}"
EndProject
Global
	GlobalSection(SolutionConfigurationPlatforms) = preSolution
		Debug|Any CPU = Debug|Any CPU
		Release|Any CPU = Release|Any CPU
	EndGlobalSection
	GlobalSection(ProjectConfigurationPlatforms) = postSolution
		{194FEA1B-E67F-4FC0-AC47-CD71F7F060CC}.Debug|Any CPU.ActiveCfg = Debug|Any CPU
		{194FEA1B-E67F-4FC0-AC47-CD71F7F060CC}.Debug|Any CPU.Build.0 = Debug|Any CPU
		{194FEA1B-E67F-4FC0-AC47-CD71F7F060CC}.Release|Any CPU.ActiveCfg = Release|Any CPU
		{194FEA1B-E67F-4FC0-AC47-CD71F7F060CC}.Release|Any CPU.Build.0 = Release|Any CPU
	EndGlobalSection
	GlobalSection(SolutionProperties) = preSolution
		HideSolutionNode = FALSE
	EndGlobalSection
EndGlobal
